
Microsoft Visual Studio Solution File, Format Version 12.00
# Visual Studio Version 17
VisualStudioVersion = 17.11.35219.272
MinimumVisualStudioVersion = 10.0.40219.1
Project("{9A19103F-16F7-4668-BE54-9A1E7A4F7556}") = "HelpDeskApp", "HelpDeskApp\HelpDeskApp.csproj", "{0558C5FB-A703-4F34-ADC1-E51DB4A03F8A}"
EndProject
Project("{9A19103F-16F7-4668-BE54-9A1E7A4F7556}") = "HelpDeskAppTests", "HelpDeskAppTests\HelpDeskAppTests.csproj", "{031BA36D-9310-43A6-A08A-DD94ABA9B2EE}"
EndProject
Project("{E53339B2-1760-4266-BCC7-CA923CBCF16C}") = "docker-compose", "docker-compose.dcproj", "{C246FEE4-6C75-4984-B439-54BD625A3597}"
EndProject
Global
	GlobalSection(SolutionConfigurationPlatforms) = preSolution
		Debug|Any CPU = Debug|Any CPU
		Release|Any CPU = Release|Any CPU
	EndGlobalSection
	GlobalSection(ProjectConfigurationPlatforms) = postSolution
		{0558C5FB-A703-4F34-ADC1-E51DB4A03F8A}.Debug|Any CPU.ActiveCfg = Debug|Any CPU
		{0558C5FB-A703-4F34-ADC1-E51DB4A03F8A}.Debug|Any CPU.Build.0 = Debug|Any CPU
		{0558C5FB-A703-4F34-ADC1-E51DB4A03F8A}.Release|Any CPU.ActiveCfg = Release|Any CPU
		{0558C5FB-A703-4F34-ADC1-E51DB4A03F8A}.Release|Any CPU.Build.0 = Release|Any CPU
		{031BA36D-9310-43A6-A08A-DD94ABA9B2EE}.Debug|Any CPU.ActiveCfg = Debug|Any CPU
		{031BA36D-9310-43A6-A08A-DD94ABA9B2EE}.Debug|Any CPU.Build.0 = Debug|Any CPU
		{031BA36D-9310-43A6-A08A-DD94ABA9B2EE}.Release|Any CPU.ActiveCfg = Release|Any CPU
		{031BA36D-9310-43A6-A08A-DD94ABA9B2EE}.Release|Any CPU.Build.0 = Release|Any CPU
		{C246FEE4-6C75-4984-B439-54BD625A3597}.Debug|Any CPU.ActiveCfg = Debug|Any CPU
		{C246FEE4-6C75-4984-B439-54BD625A3597}.Debug|Any CPU.Build.0 = Debug|Any CPU
		{C246FEE4-6C75-4984-B439-54BD625A3597}.Release|Any CPU.ActiveCfg = Release|Any CPU
		{C246FEE4-6C75-4984-B439-54BD625A3597}.Release|Any CPU.Build.0 = Release|Any CPU
	EndGlobalSection
	GlobalSection(SolutionProperties) = preSolution
		HideSolutionNode = FALSE
	EndGlobalSection
	GlobalSection(ExtensibilityGlobals) = postSolution
		SolutionGuid = {92B8E83D-5434-47D3-A31B-EF390ABC0B91}
	EndGlobalSection
EndGlobal
